
Microsoft Visual Studio Solution File, Format Version 12.00
# Visual Studio 15
VisualStudioVersion = 15.0.28307.106
MinimumVisualStudioVersion = 10.0.40219.1
Project("{FAE04EC0-301F-11D3-BF4B-00C04F79EFBC}") = "AngularJS_FirstProgram", "AngularJS_FirstProgram\AngularJS_FirstProgram.csproj", "{C0D68AAC-E44A-42C0-A636-6FB42C3BCCD7}"
EndProject
Project("{FAE04EC0-301F-11D3-BF4B-00C04F79EFBC}") = "AngularJS_FirstDirectives", "AngularJS_FirstDirectives\AngularJS_FirstDirectives.csproj", "{1D19883C-8E74-4094-8FF7-43E40C638017}"
EndProject
Project("{FAE04EC0-301F-11D3-BF4B-00C04F79EFBC}") = "AngularJS_Expressions", "AngularJS_Expressions\AngularJS_Expressions.csproj", "{6149A63B-8BD1-4B11-90E5-21DE98D85C32}"
EndProject
Project("{FAE04EC0-301F-11D3-BF4B-00C04F79EFBC}") = "AngularJS_Controller", "AngularJS_Controller\AngularJS_Controller.csproj", "{43F995F8-FBE3-4221-AC43-5D6565C740E5}"
EndProject
Project("{FAE04EC0-301F-11D3-BF4B-00C04F79EFBC}") = "AngularJS_FormValidations", "AngularJS_FormValidations\AngularJS_FormValidations.csproj", "{4A379425-A4E3-4AFA-87E0-4AC4518610D8}"
EndProject
Project("{FAE04EC0-301F-11D3-BF4B-00C04F79EFBC}") = "AngularJS_Includes", "AngularJS_Includes\AngularJS_Includes.csproj", "{566A6C5B-531B-4860-956E-21EF2EF4C676}"
EndProject
Project("{FAE04EC0-301F-11D3-BF4B-00C04F79EFBC}") = "AngularJS_AJAX", "AngularJS_AJAX\AngularJS_AJAX.csproj", "{4E652858-EC49-4E32-89A7-4C50BC40F93E}"
EndProject
Project("{FAE04EC0-301F-11D3-BF4B-00C04F79EFBC}") = "AngularJS_View", "AngularJS_View\AngularJS_View.csproj", "{8E87CB32-93DB-4A57-9E9B-0664ADE57D8A}"
EndProject
Project("{FAE04EC0-301F-11D3-BF4B-00C04F79EFBC}") = "AngularJS_Service", "AngularJS_Service\AngularJS_Service.csproj", "{9D4D86A5-600A-4973-9702-F805322008A2}"
EndProject
Project("{FAE04EC0-301F-11D3-BF4B-00C04F79EFBC}") = "AngularJS_DependencyInjection", "AngularJS_DependencyInjection\AngularJS_DependencyInjection.csproj", "{C0E3F046-51B6-4B12-B95A-57824D9A910C}"
EndProject
Global
	GlobalSection(SolutionConfigurationPlatforms) = preSolution
		Debug|Any CPU = Debug|Any CPU
		Release|Any CPU = Release|Any CPU
	EndGlobalSection
	GlobalSection(ProjectConfigurationPlatforms) = postSolution
		{C0D68AAC-E44A-42C0-A636-6FB42C3BCCD7}.Debug|Any CPU.ActiveCfg = Debug|Any CPU
		{C0D68AAC-E44A-42C0-A636-6FB42C3BCCD7}.Debug|Any CPU.Build.0 = Debug|Any CPU
		{C0D68AAC-E44A-42C0-A636-6FB42C3BCCD7}.Release|Any CPU.ActiveCfg = Release|Any CPU
		{C0D68AAC-E44A-42C0-A636-6FB42C3BCCD7}.Release|Any CPU.Build.0 = Release|Any CPU
		{1D19883C-8E74-4094-8FF7-43E40C638017}.Debug|Any CPU.ActiveCfg = Debug|Any CPU
		{1D19883C-8E74-4094-8FF7-43E40C638017}.Debug|Any CPU.Build.0 = Debug|Any CPU
		{1D19883C-8E74-4094-8FF7-43E40C638017}.Release|Any CPU.ActiveCfg = Release|Any CPU
		{1D19883C-8E74-4094-8FF7-43E40C638017}.Release|Any CPU.Build.0 = Release|Any CPU
		{6149A63B-8BD1-4B11-90E5-21DE98D85C32}.Debug|Any CPU.ActiveCfg = Debug|Any CPU
		{6149A63B-8BD1-4B11-90E5-21DE98D85C32}.Debug|Any CPU.Build.0 = Debug|Any CPU
		{6149A63B-8BD1-4B11-90E5-21DE98D85C32}.Release|Any CPU.ActiveCfg = Release|Any CPU
		{6149A63B-8BD1-4B11-90E5-21DE98D85C32}.Release|Any CPU.Build.0 = Release|Any CPU
		{43F995F8-FBE3-4221-AC43-5D6565C740E5}.Debug|Any CPU.ActiveCfg = Debug|Any CPU
		{43F995F8-FBE3-4221-AC43-5D6565C740E5}.Debug|Any CPU.Build.0 = Debug|Any CPU
		{43F995F8-FBE3-4221-AC43-5D6565C740E5}.Release|Any CPU.ActiveCfg = Release|Any CPU
		{43F995F8-FBE3-4221-AC43-5D6565C740E5}.Release|Any CPU.Build.0 = Release|Any CPU
		{4A379425-A4E3-4AFA-87E0-4AC4518610D8}.Debug|Any CPU.ActiveCfg = Debug|Any CPU
		{4A379425-A4E3-4AFA-87E0-4AC4518610D8}.Debug|Any CPU.Build.0 = Debug|Any CPU
		{4A379425-A4E3-4AFA-87E0-4AC4518610D8}.Release|Any CPU.ActiveCfg = Release|Any CPU
		{4A379425-A4E3-4AFA-87E0-4AC4518610D8}.Release|Any CPU.Build.0 = Release|Any CPU
		{566A6C5B-531B-4860-956E-21EF2EF4C676}.Debug|Any CPU.ActiveCfg = Debug|Any CPU
		{566A6C5B-531B-4860-956E-21EF2EF4C676}.Debug|Any CPU.Build.0 = Debug|Any CPU
		{566A6C5B-531B-4860-956E-21EF2EF4C676}.Release|Any CPU.ActiveCfg = Release|Any CPU
		{566A6C5B-531B-4860-956E-21EF2EF4C676}.Release|Any CPU.Build.0 = Release|Any CPU
		{4E652858-EC49-4E32-89A7-4C50BC40F93E}.Debug|Any CPU.ActiveCfg = Debug|Any CPU
		{4E652858-EC49-4E32-89A7-4C50BC40F93E}.Debug|Any CPU.Build.0 = Debug|Any CPU
		{4E652858-EC49-4E32-89A7-4C50BC40F93E}.Release|Any CPU.ActiveCfg = Release|Any CPU
		{4E652858-EC49-4E32-89A7-4C50BC40F93E}.Release|Any CPU.Build.0 = Release|Any CPU
		{8E87CB32-93DB-4A57-9E9B-0664ADE57D8A}.Debug|Any CPU.ActiveCfg = Debug|Any CPU
		{8E87CB32-93DB-4A57-9E9B-0664ADE57D8A}.Debug|Any CPU.Build.0 = Debug|Any CPU
		{8E87CB32-93DB-4A57-9E9B-0664ADE57D8A}.Release|Any CPU.ActiveCfg = Release|Any CPU
		{8E87CB32-93DB-4A57-9E9B-0664ADE57D8A}.Release|Any CPU.Build.0 = Release|Any CPU
		{9D4D86A5-600A-4973-9702-F805322008A2}.Debug|Any CPU.ActiveCfg = Debug|Any CPU
		{9D4D86A5-600A-4973-9702-F805322008A2}.Debug|Any CPU.Build.0 = Debug|Any CPU
		{9D4D86A5-600A-4973-9702-F805322008A2}.Release|Any CPU.ActiveCfg = Release|Any CPU
		{9D4D86A5-600A-4973-9702-F805322008A2}.Release|Any CPU.Build.0 = Release|Any CPU
		{C0E3F046-51B6-4B12-B95A-57824D9A910C}.Debug|Any CPU.ActiveCfg = Debug|Any CPU
		{C0E3F046-51B6-4B12-B95A-57824D9A910C}.Debug|Any CPU.Build.0 = Debug|Any CPU
		{C0E3F046-51B6-4B12-B95A-57824D9A910C}.Release|Any CPU.ActiveCfg = Release|Any CPU
		{C0E3F046-51B6-4B12-B95A-57824D9A910C}.Release|Any CPU.Build.0 = Release|Any CPU
	EndGlobalSection
	GlobalSection(SolutionProperties) = preSolution
		HideSolutionNode = FALSE
	EndGlobalSection
	GlobalSection(ExtensibilityGlobals) = postSolution
		SolutionGuid = {C9EBBBE8-297E-484E-8D63-3DB67F52611C}
	EndGlobalSection
EndGlobal
